<?xml version="1.0" encoding="utf-8"?>
<Project ToolsVersion="4.0" xmlns="http://schemas.microsoft.com/developer/msbuild/2003">
  <ItemGroup>
    <Filter Include="Source Files">
      <UniqueIdentifier>{4FC737F1-C7A5-4376-A066-2A32D752A2FF}</UniqueIdentifier>
      <Extensions>cpp;c;cc;cxx;c++;cppm;ixx;def;odl;idl;hpj;bat;asm;asmx</Extensions>
    </Filter>
    <Filter Include="Header Files">
      <UniqueIdentifier>{93995380-89BD-4b04-88EB-625FBE52EBFB}</UniqueIdentifier>
      <Extensions>h;hh;hpp;hxx;h++;hm;inl;inc;ipp;xsd</Extensions>
    </Filter>
    <Filter Include="Resource Files">
      <UniqueIdentifier>{67DA6AB6-F800-4c08-8B7A-83BB121AAD01}</UniqueIdentifier>
      <Extensions>rc;ico;cur;bmp;dlg;rc2;rct;bin;rgs;gif;jpg;jpeg;jpe;resx;tiff;tif;png;wav;mfcribbon-ms</Extensions>
    </Filter>
    <Filter Include="Header Files\Models">
      <UniqueIdentifier>{95bc545c-b185-4a2e-ab6f-d946796c54d5}</UniqueIdentifier>
    </Filter>
    <Filter Include="Header Files\Libraries">
      <UniqueIdentifier>{5b11ada7-d0c8-4edf-bc39-a23622fade45}</UniqueIdentifier>
    </Filter>
    <Filter Include="Header Files\Screens">
      <UniqueIdentifier>{0471b8e0-4b4a-4a64-8c02-894ada935b29}</UniqueIdentifier>
    </Filter>
    <Filter Include="Header Files\Screens\Client">
      <UniqueIdentifier>{2b458a94-906c-4d5b-bc21-fb12f2afe6b1}</UniqueIdentifier>
    </Filter>
    <Filter Include="Header Files\Screens\User">
      <UniqueIdentifier>{b5805135-8da8-4931-a66e-68439fd43284}</UniqueIdentifier>
    </Filter>
    <Filter Include="Header Files\Screens\Transaction">
      <UniqueIdentifier>{8c01cb9e-768a-4863-8483-89d5dc65aecf}</UniqueIdentifier>
    </Filter>
    <Filter Include="Header Files\Screens\Currency">
      <UniqueIdentifier>{95150b58-d86c-4234-8f2c-873d6b029c68}</UniqueIdentifier>
    </Filter>
    <Filter Include="Header Files\Screens\Login">
      <UniqueIdentifier>{a2c2ee76-2e17-41ba-bfe2-c6af4319c3c9}</UniqueIdentifier>
    </Filter>
    <Filter Include="Header Files\Screens\Main">
      <UniqueIdentifier>{3d3b760f-e971-4e0a-a6ac-bd4879fb90f7}</UniqueIdentifier>
    </Filter>
  </ItemGroup>
  <ItemGroup>
    <ClCompile Include="Main.cpp">
      <Filter>Source Files</Filter>
    </ClCompile>
  </ItemGroup>
  <ItemGroup>
    <ClInclude Include="Global.h">
      <Filter>Header Files</Filter>
    </ClInclude>
    <ClInclude Include="clsScreen.h">
      <Filter>Header Files</Filter>
    </ClInclude>
    <ClInclude Include="Libraries\clsDate.h">
      <Filter>Header Files\Libraries</Filter>
    </ClInclude>
    <ClInclude Include="Libraries\clsInputValidate.h">
      <Filter>Header Files\Libraries</Filter>
    </ClInclude>
    <ClInclude Include="Libraries\clsString.h">
      <Filter>Header Files\Libraries</Filter>
    </ClInclude>
    <ClInclude Include="Libraries\clsUtil.h">
      <Filter>Header Files\Libraries</Filter>
    </ClInclude>
    <ClInclude Include="Screens\Client\clsAddNewClientScreen.h">
      <Filter>Header Files\Screens\Client</Filter>
    </ClInclude>
    <ClInclude Include="Screens\Client\clsClientListScreen.h">
      <Filter>Header Files\Screens\Client</Filter>
    </ClInclude>
    <ClInclude Include="Screens\Client\clsDeleteClientScreen.h">
      <Filter>Header Files\Screens\Client</Filter>
    </ClInclude>
    <ClInclude Include="Screens\Client\clsFindClientScreen.h">
      <Filter>Header Files\Screens\Client</Filter>
    </ClInclude>
    <ClInclude Include="Screens\Client\clsTotalBalanceScreen.h">
      <Filter>Header Files\Screens\Client</Filter>
    </ClInclude>
    <ClInclude Include="Screens\Client\clsUpdateClientScreen.h">
      <Filter>Header Files\Screens\Client</Filter>
    </ClInclude>
    <ClInclude Include="Screens\Currency\clsCurrancyExchangeScreen.h">
      <Filter>Header Files\Screens\Currency</Filter>
    </ClInclude>
    <ClInclude Include="Screens\Currency\clsCurrenciesListScreen.h">
      <Filter>Header Files\Screens\Currency</Filter>
    </ClInclude>
    <ClInclude Include="Screens\Currency\clsCurrencyCalculatorScreen.h">
      <Filter>Header Files\Screens\Currency</Filter>
    </ClInclude>
    <ClInclude Include="Screens\Currency\clsFindCurrencyScreen.h">
      <Filter>Header Files\Screens\Currency</Filter>
    </ClInclude>
    <ClInclude Include="Screens\Currency\clsUpdateCurrencyRateScreen.h">
      <Filter>Header Files\Screens\Currency</Filter>
    </ClInclude>
    <ClInclude Include="Screens\Login\clsLoginRegisterScreen.h">
      <Filter>Header Files\Screens\Login</Filter>
    </ClInclude>
    <ClInclude Include="Screens\Login\clsLoginScreen.h">
      <Filter>Header Files\Screens\Login</Filter>
    </ClInclude>
    <ClInclude Include="Screens\Main\clsMainScreen.h">
      <Filter>Header Files\Screens\Main</Filter>
    </ClInclude>
    <ClInclude Include="Screens\Transaction\clsDepositScreen.h">
      <Filter>Header Files\Screens\Transaction</Filter>
    </ClInclude>
    <ClInclude Include="Screens\Transaction\clsTransactionsScreen.h">
      <Filter>Header Files\Screens\Transaction</Filter>
    </ClInclude>
    <ClInclude Include="Screens\Transaction\clsTransferLogScreen.h">
      <Filter>Header Files\Screens\Transaction</Filter>
    </ClInclude>
    <ClInclude Include="Screens\Transaction\clsTransferScreen.h">
      <Filter>Header Files\Screens\Transaction</Filter>
    </ClInclude>
    <ClInclude Include="Screens\Transaction\clsWithdrawScreen.h">
      <Filter>Header Files\Screens\Transaction</Filter>
    </ClInclude>
    <ClInclude Include="Screens\User\clsAddNewUserScreen.h">
      <Filter>Header Files\Screens\User</Filter>
    </ClInclude>
    <ClInclude Include="Screens\User\clsDeleteUserScreen.h">
      <Filter>Header Files\Screens\User</Filter>
    </ClInclude>
    <ClInclude Include="Screens\User\clsFindUserScreen.h">
      <Filter>Header Files\Screens\User</Filter>
    </ClInclude>
    <ClInclude Include="Screens\User\clsListUsersScreen.h">
      <Filter>Header Files\Screens\User</Filter>
    </ClInclude>
    <ClInclude Include="Screens\User\clsManageUsersScreen.h">
      <Filter>Header Files\Screens\User</Filter>
    </ClInclude>
    <ClInclude Include="Screens\User\clsUpdateUserScreen.h">
      <Filter>Header Files\Screens\User</Filter>
    </ClInclude>
    <ClInclude Include="Models\clsBankClient.h">
      <Filter>Header Files\Models</Filter>
    </ClInclude>
    <ClInclude Include="Models\clsCurrency.h">
      <Filter>Header Files\Models</Filter>
    </ClInclude>
    <ClInclude Include="Models\clsPerson.h">
      <Filter>Header Files\Models</Filter>
    </ClInclude>
    <ClInclude Include="Models\clsUser.h">
      <Filter>Header Files\Models</Filter>
    </ClInclude>
  </ItemGroup>
</Project>